
Microsoft Visual Studio Solution File, Format Version 12.00
# Visual Studio Version 16
VisualStudioVersion = 16.0.30128.36
MinimumVisualStudioVersion = 10.0.40219.1
Project("{FAE04EC0-301F-11D3-BF4B-00C04F79EFBC}") = "BungieSharp", "BungieSharp\BungieSharp.csproj", "{5D5F7083-E264-4A43-B5F9-6AFD2D132504}"
EndProject
Project("{FAE04EC0-301F-11D3-BF4B-00C04F79EFBC}") = "BungieSharp.Generator", "BungieSharp.Generator\BungieSharp.Generator.csproj", "{1B11082E-30C4-44EC-AA1F-58E903871DEE}"
EndProject
Global
	GlobalSection(SolutionConfigurationPlatforms) = preSolution
		Debug|Any CPU = Debug|Any CPU
		Release|Any CPU = Release|Any CPU
	EndGlobalSection
	GlobalSection(ProjectConfigurationPlatforms) = postSolution
		{5D5F7083-E264-4A43-B5F9-6AFD2D132504}.Debug|Any CPU.ActiveCfg = Debug|Any CPU
		{5D5F7083-E264-4A43-B5F9-6AFD2D132504}.Debug|Any CPU.Build.0 = Debug|Any CPU
		{5D5F7083-E264-4A43-B5F9-6AFD2D132504}.Release|Any CPU.ActiveCfg = Release|Any CPU
		{5D5F7083-E264-4A43-B5F9-6AFD2D132504}.Release|Any CPU.Build.0 = Release|Any CPU
		{1B11082E-30C4-44EC-AA1F-58E903871DEE}.Debug|Any CPU.ActiveCfg = Debug|Any CPU
		{1B11082E-30C4-44EC-AA1F-58E903871DEE}.Debug|Any CPU.Build.0 = Debug|Any CPU
		{1B11082E-30C4-44EC-AA1F-58E903871DEE}.Release|Any CPU.ActiveCfg = Release|Any CPU
		{1B11082E-30C4-44EC-AA1F-58E903871DEE}.Release|Any CPU.Build.0 = Release|Any CPU
	EndGlobalSection
	GlobalSection(SolutionProperties) = preSolution
		HideSolutionNode = FALSE
	EndGlobalSection
	GlobalSection(ExtensibilityGlobals) = postSolution
		SolutionGuid = {90238588-6376-4A08-B120-7F757EC7D032}
	EndGlobalSection
EndGlobal
